// !$*UTF8*$!
{
	archiveVersion = 1;
	classes = {
	};
	objectVersion = 56;
	objects = {

/* Begin PBXBuildFile section */
		D80DFB9D29223AE200CB5A08 /* AppCoordinator.swift in Sources */ = {isa = PBXBuildFile; fileRef = D80DFB9729223AE100CB5A08 /* AppCoordinator.swift */; };
		D80DFB9E29223AE200CB5A08 /* CoordinatorFinishDelegate.swift in Sources */ = {isa = PBXBuildFile; fileRef = D80DFB9929223AE100CB5A08 /* CoordinatorFinishDelegate.swift */; };
		D80DFB9F29223AE200CB5A08 /* AppCoordinatorProtocol.swift in Sources */ = {isa = PBXBuildFile; fileRef = D80DFB9B29223AE100CB5A08 /* AppCoordinatorProtocol.swift */; };
		D80DFBA029223AE200CB5A08 /* Coordinator.swift in Sources */ = {isa = PBXBuildFile; fileRef = D80DFB9C29223AE100CB5A08 /* Coordinator.swift */; };
		D8244537292244FC005EE8F1 /* UIFont+CustomFont.swift in Sources */ = {isa = PBXBuildFile; fileRef = D8244536292244FC005EE8F1 /* UIFont+CustomFont.swift */; };
		D824453B29224522005EE8F1 /* SFProDisplay-Regular.OTF in Resources */ = {isa = PBXBuildFile; fileRef = D824453929224522005EE8F1 /* SFProDisplay-Regular.OTF */; };
		D824453C29224522005EE8F1 /* SFProDisplay-Semibold.ttf in Resources */ = {isa = PBXBuildFile; fileRef = D824453A29224522005EE8F1 /* SFProDisplay-Semibold.ttf */; };
		D8D7FDE8291C04CD00385028 /* FirebaseAnalytics in Frameworks */ = {isa = PBXBuildFile; productRef = D8D7FDE7291C04CD00385028 /* FirebaseAnalytics */; };
		D8D7FDEA291C04CD00385028 /* FirebaseAuth in Frameworks */ = {isa = PBXBuildFile; productRef = D8D7FDE9291C04CD00385028 /* FirebaseAuth */; };
		D8D7FDEC291C04CD00385028 /* FirebaseFirestore in Frameworks */ = {isa = PBXBuildFile; productRef = D8D7FDEB291C04CD00385028 /* FirebaseFirestore */; };
		D8D7FDEE291C04CD00385028 /* FirebaseMessaging in Frameworks */ = {isa = PBXBuildFile; productRef = D8D7FDED291C04CD00385028 /* FirebaseMessaging */; };
		D8D7FDF0291C04CD00385028 /* FirebaseStorage in Frameworks */ = {isa = PBXBuildFile; productRef = D8D7FDEF291C04CD00385028 /* FirebaseStorage */; };
		D8E42DF329223BE000E488FA /* UIColor+MogakcoColor.swift in Sources */ = {isa = PBXBuildFile; fileRef = D8E42DF229223BDF00E488FA /* UIColor+MogakcoColor.swift */; };
		D8F345BE291D42460094CBD3 /* GoogleService-Info.plist in Resources */ = {isa = PBXBuildFile; fileRef = D8F345BD291D42460094CBD3 /* GoogleService-Info.plist */; };
		D8F880D52918AB7C003F0C4A /* AppDelegate.swift in Sources */ = {isa = PBXBuildFile; fileRef = D8F880D42918AB7C003F0C4A /* AppDelegate.swift */; };
		D8F880D72918AB7C003F0C4A /* SceneDelegate.swift in Sources */ = {isa = PBXBuildFile; fileRef = D8F880D62918AB7C003F0C4A /* SceneDelegate.swift */; };
		D8F880D92918AB7C003F0C4A /* ViewController.swift in Sources */ = {isa = PBXBuildFile; fileRef = D8F880D82918AB7C003F0C4A /* ViewController.swift */; };
		D8F880DE2918AB7F003F0C4A /* Assets.xcassets in Resources */ = {isa = PBXBuildFile; fileRef = D8F880DD2918AB7F003F0C4A /* Assets.xcassets */; };
		D8F880E12918AB7F003F0C4A /* LaunchScreen.storyboard in Resources */ = {isa = PBXBuildFile; fileRef = D8F880DF2918AB7F003F0C4A /* LaunchScreen.storyboard */; };
		D8F880FC2918B80D003F0C4A /* RxCocoa in Frameworks */ = {isa = PBXBuildFile; productRef = D8F880FB2918B80D003F0C4A /* RxCocoa */; };
		D8F880FE2918B80D003F0C4A /* RxRelay in Frameworks */ = {isa = PBXBuildFile; productRef = D8F880FD2918B80D003F0C4A /* RxRelay */; };
		D8F881002918B80D003F0C4A /* RxSwift in Frameworks */ = {isa = PBXBuildFile; productRef = D8F880FF2918B80D003F0C4A /* RxSwift */; };
		D8F881032918B83F003F0C4A /* SnapKit in Frameworks */ = {isa = PBXBuildFile; productRef = D8F881022918B83F003F0C4A /* SnapKit */; };
		D8F881062918B862003F0C4A /* Then in Frameworks */ = {isa = PBXBuildFile; productRef = D8F881052918B862003F0C4A /* Then */; };
		D8F881092918B896003F0C4A /* Alamofire in Frameworks */ = {isa = PBXBuildFile; productRef = D8F881082918B896003F0C4A /* Alamofire */; };
		D8F8810C2918BC2B003F0C4A /* .swiftlint.yml in Resources */ = {isa = PBXBuildFile; fileRef = D8F8810B2918BC2B003F0C4A /* .swiftlint.yml */; };
/* End PBXBuildFile section */

/* Begin PBXFileReference section */
		D80DFB9729223AE100CB5A08 /* AppCoordinator.swift */ = {isa = PBXFileReference; fileEncoding = 4; lastKnownFileType = sourcecode.swift; path = AppCoordinator.swift; sourceTree = "<group>"; };
		D80DFB9929223AE100CB5A08 /* CoordinatorFinishDelegate.swift */ = {isa = PBXFileReference; fileEncoding = 4; lastKnownFileType = sourcecode.swift; path = CoordinatorFinishDelegate.swift; sourceTree = "<group>"; };
		D80DFB9B29223AE100CB5A08 /* AppCoordinatorProtocol.swift */ = {isa = PBXFileReference; fileEncoding = 4; lastKnownFileType = sourcecode.swift; path = AppCoordinatorProtocol.swift; sourceTree = "<group>"; };
		D80DFB9C29223AE100CB5A08 /* Coordinator.swift */ = {isa = PBXFileReference; fileEncoding = 4; lastKnownFileType = sourcecode.swift; path = Coordinator.swift; sourceTree = "<group>"; };
		D8244536292244FC005EE8F1 /* UIFont+CustomFont.swift */ = {isa = PBXFileReference; fileEncoding = 4; lastKnownFileType = sourcecode.swift; path = "UIFont+CustomFont.swift"; sourceTree = "<group>"; };
		D824453929224522005EE8F1 /* SFProDisplay-Regular.OTF */ = {isa = PBXFileReference; lastKnownFileType = file; path = "SFProDisplay-Regular.OTF"; sourceTree = "<group>"; };
		D824453A29224522005EE8F1 /* SFProDisplay-Semibold.ttf */ = {isa = PBXFileReference; lastKnownFileType = file; path = "SFProDisplay-Semibold.ttf"; sourceTree = "<group>"; };
		D8E42DF229223BDF00E488FA /* UIColor+MogakcoColor.swift */ = {isa = PBXFileReference; fileEncoding = 4; lastKnownFileType = sourcecode.swift; path = "UIColor+MogakcoColor.swift"; sourceTree = "<group>"; };
		D8F345BD291D42460094CBD3 /* GoogleService-Info.plist */ = {isa = PBXFileReference; fileEncoding = 4; lastKnownFileType = text.plist.xml; path = "GoogleService-Info.plist"; sourceTree = "<group>"; };
		D8F880D12918AB7C003F0C4A /* Mogakco.app */ = {isa = PBXFileReference; explicitFileType = wrapper.application; includeInIndex = 0; path = Mogakco.app; sourceTree = BUILT_PRODUCTS_DIR; };
		D8F880D42918AB7C003F0C4A /* AppDelegate.swift */ = {isa = PBXFileReference; lastKnownFileType = sourcecode.swift; path = AppDelegate.swift; sourceTree = "<group>"; };
		D8F880D62918AB7C003F0C4A /* SceneDelegate.swift */ = {isa = PBXFileReference; lastKnownFileType = sourcecode.swift; path = SceneDelegate.swift; sourceTree = "<group>"; };
		D8F880D82918AB7C003F0C4A /* ViewController.swift */ = {isa = PBXFileReference; lastKnownFileType = sourcecode.swift; path = ViewController.swift; sourceTree = "<group>"; };
		D8F880DD2918AB7F003F0C4A /* Assets.xcassets */ = {isa = PBXFileReference; lastKnownFileType = folder.assetcatalog; path = Assets.xcassets; sourceTree = "<group>"; };
		D8F880E02918AB7F003F0C4A /* Base */ = {isa = PBXFileReference; lastKnownFileType = file.storyboard; name = Base; path = Base.lproj/LaunchScreen.storyboard; sourceTree = "<group>"; };
		D8F880E22918AB7F003F0C4A /* Info.plist */ = {isa = PBXFileReference; lastKnownFileType = text.plist.xml; path = Info.plist; sourceTree = "<group>"; };
		D8F8810B2918BC2B003F0C4A /* .swiftlint.yml */ = {isa = PBXFileReference; lastKnownFileType = text.yaml; path = .swiftlint.yml; sourceTree = "<group>"; };
/* End PBXFileReference section */

/* Begin PBXFrameworksBuildPhase section */
		D8F880CE2918AB7C003F0C4A /* Frameworks */ = {
			isa = PBXFrameworksBuildPhase;
			buildActionMask = 2147483647;
			files = (
				D8D7FDE8291C04CD00385028 /* FirebaseAnalytics in Frameworks */,
				D8F881062918B862003F0C4A /* Then in Frameworks */,
				D8D7FDEE291C04CD00385028 /* FirebaseMessaging in Frameworks */,
				D8F881002918B80D003F0C4A /* RxSwift in Frameworks */,
				D8F881032918B83F003F0C4A /* SnapKit in Frameworks */,
				D8F881092918B896003F0C4A /* Alamofire in Frameworks */,
				D8D7FDEC291C04CD00385028 /* FirebaseFirestore in Frameworks */,
				D8F880FE2918B80D003F0C4A /* RxRelay in Frameworks */,
				D8D7FDF0291C04CD00385028 /* FirebaseStorage in Frameworks */,
				D8F880FC2918B80D003F0C4A /* RxCocoa in Frameworks */,
				D8D7FDEA291C04CD00385028 /* FirebaseAuth in Frameworks */,
			);
			runOnlyForDeploymentPostprocessing = 0;
		};
/* End PBXFrameworksBuildPhase section */

/* Begin PBXGroup section */
		D80DFB9529223AE100CB5A08 /* Common */ = {
			isa = PBXGroup;
			children = (
				D80DFB9629223AE100CB5A08 /* Coordinator */,
			);
			path = Common;
			sourceTree = "<group>";
		};
		D80DFB9629223AE100CB5A08 /* Coordinator */ = {
			isa = PBXGroup;
			children = (
				D80DFB9729223AE100CB5A08 /* AppCoordinator.swift */,
				D80DFB9829223AE100CB5A08 /* Delegate */,
				D80DFB9A29223AE100CB5A08 /* Protocol */,
			);
			path = Coordinator;
			sourceTree = "<group>";
		};
		D80DFB9829223AE100CB5A08 /* Delegate */ = {
			isa = PBXGroup;
			children = (
				D80DFB9929223AE100CB5A08 /* CoordinatorFinishDelegate.swift */,
			);
			path = Delegate;
			sourceTree = "<group>";
		};
		D80DFB9A29223AE100CB5A08 /* Protocol */ = {
			isa = PBXGroup;
			children = (
				D80DFB9B29223AE100CB5A08 /* AppCoordinatorProtocol.swift */,
				D80DFB9C29223AE100CB5A08 /* Coordinator.swift */,
			);
			path = Protocol;
			sourceTree = "<group>";
		};
		D824453829224522005EE8F1 /* Fonts */ = {
			isa = PBXGroup;
			children = (
				D824453929224522005EE8F1 /* SFProDisplay-Regular.OTF */,
				D824453A29224522005EE8F1 /* SFProDisplay-Semibold.ttf */,
			);
			path = Fonts;
			sourceTree = "<group>";
		};
		D8E42DF029223BDF00E488FA /* Util */ = {
			isa = PBXGroup;
			children = (
				D8E42DF129223BDF00E488FA /* Extension */,
			);
			path = Util;
			sourceTree = "<group>";
		};
		D8E42DF129223BDF00E488FA /* Extension */ = {
			isa = PBXGroup;
			children = (
				D8244536292244FC005EE8F1 /* UIFont+CustomFont.swift */,
				D8E42DF229223BDF00E488FA /* UIColor+MogakcoColor.swift */,
			);
			path = Extension;
			sourceTree = "<group>";
		};
		D8F880C82918AB7C003F0C4A = {
			isa = PBXGroup;
			children = (
				D8F8810B2918BC2B003F0C4A /* .swiftlint.yml */,
				D8F880D32918AB7C003F0C4A /* Mogakco */,
				D8F880D22918AB7C003F0C4A /* Products */,
			);
			sourceTree = "<group>";
		};
		D8F880D22918AB7C003F0C4A /* Products */ = {
			isa = PBXGroup;
			children = (
				D8F880D12918AB7C003F0C4A /* Mogakco.app */,
			);
			name = Products;
			sourceTree = "<group>";
		};
		D8F880D32918AB7C003F0C4A /* Mogakco */ = {
			isa = PBXGroup;
			children = (
				D8E42DF029223BDF00E488FA /* Util */,
				D8F880E82918B224003F0C4A /* App */,
				D8F880E92918B22A003F0C4A /* Presentation */,
				D8F880EB2918B234003F0C4A /* Domain */,
				D8F880EA2918B230003F0C4A /* Data */,
			);
			path = Mogakco;
			sourceTree = "<group>";
		};
		D8F880E82918B224003F0C4A /* App */ = {
			isa = PBXGroup;
			children = (
				D8F880E22918AB7F003F0C4A /* Info.plist */,
				D8F345BD291D42460094CBD3 /* GoogleService-Info.plist */,
				D8F880D42918AB7C003F0C4A /* AppDelegate.swift */,
				D8F880D62918AB7C003F0C4A /* SceneDelegate.swift */,
				D8F880DD2918AB7F003F0C4A /* Assets.xcassets */,
				D8F880DF2918AB7F003F0C4A /* LaunchScreen.storyboard */,
				D824453829224522005EE8F1 /* Fonts */,
			);
			path = App;
			sourceTree = "<group>";
		};
		D8F880E92918B22A003F0C4A /* Presentation */ = {
			isa = PBXGroup;
			children = (
				D80DFB9529223AE100CB5A08 /* Common */,
				D8F880D82918AB7C003F0C4A /* ViewController.swift */,
			);
			path = Presentation;
			sourceTree = "<group>";
		};
		D8F880EA2918B230003F0C4A /* Data */ = {
			isa = PBXGroup;
			children = (
				D8F880F32918B543003F0C4A /* Networks */,
				D8F880F22918B53E003F0C4A /* Storages */,
				D8F880F12918B532003F0C4A /* Repositories */,
			);
			path = Data;
			sourceTree = "<group>";
		};
		D8F880EB2918B234003F0C4A /* Domain */ = {
			isa = PBXGroup;
			children = (
				D8F880EF2918B37F003F0C4A /* UseCases */,
				D8F880ED2918B253003F0C4A /* Interfaces */,
				D8F880EC2918B24C003F0C4A /* Entities */,
			);
			path = Domain;
			sourceTree = "<group>";
		};
		D8F880EC2918B24C003F0C4A /* Entities */ = {
			isa = PBXGroup;
			children = (
			);
			path = Entities;
			sourceTree = "<group>";
		};
		D8F880ED2918B253003F0C4A /* Interfaces */ = {
			isa = PBXGroup;
			children = (
				D8F880EE2918B36A003F0C4A /* Repositories */,
			);
			path = Interfaces;
			sourceTree = "<group>";
		};
		D8F880EE2918B36A003F0C4A /* Repositories */ = {
			isa = PBXGroup;
			children = (
			);
			path = Repositories;
			sourceTree = "<group>";
		};
		D8F880EF2918B37F003F0C4A /* UseCases */ = {
			isa = PBXGroup;
			children = (
				D8F880F02918B388003F0C4A /* Protocol */,
			);
			path = UseCases;
			sourceTree = "<group>";
		};
		D8F880F02918B388003F0C4A /* Protocol */ = {
			isa = PBXGroup;
			children = (
			);
			path = Protocol;
			sourceTree = "<group>";
		};
		D8F880F12918B532003F0C4A /* Repositories */ = {
			isa = PBXGroup;
			children = (
			);
			path = Repositories;
			sourceTree = "<group>";
		};
		D8F880F22918B53E003F0C4A /* Storages */ = {
			isa = PBXGroup;
			children = (
			);
			path = Storages;
			sourceTree = "<group>";
		};
		D8F880F32918B543003F0C4A /* Networks */ = {
			isa = PBXGroup;
			children = (
				D8F880F42918B54A003F0C4A /* DataMapping */,
			);
			path = Networks;
			sourceTree = "<group>";
		};
		D8F880F42918B54A003F0C4A /* DataMapping */ = {
			isa = PBXGroup;
			children = (
			);
			path = DataMapping;
			sourceTree = "<group>";
		};
/* End PBXGroup section */

/* Begin PBXNativeTarget section */
		D8F880D02918AB7C003F0C4A /* Mogakco */ = {
			isa = PBXNativeTarget;
			buildConfigurationList = D8F880E52918AB7F003F0C4A /* Build configuration list for PBXNativeTarget "Mogakco" */;
			buildPhases = (
				D8F8810A2918BB1E003F0C4A /* ShellScript */,
				D8F880CD2918AB7C003F0C4A /* Sources */,
				D8F880CE2918AB7C003F0C4A /* Frameworks */,
				D8F880CF2918AB7C003F0C4A /* Resources */,
			);
			buildRules = (
			);
			dependencies = (
			);
			name = Mogakco;
			packageProductDependencies = (
				D8F880FB2918B80D003F0C4A /* RxCocoa */,
				D8F880FD2918B80D003F0C4A /* RxRelay */,
				D8F880FF2918B80D003F0C4A /* RxSwift */,
				D8F881022918B83F003F0C4A /* SnapKit */,
				D8F881052918B862003F0C4A /* Then */,
				D8F881082918B896003F0C4A /* Alamofire */,
				D8D7FDE7291C04CD00385028 /* FirebaseAnalytics */,
				D8D7FDE9291C04CD00385028 /* FirebaseAuth */,
				D8D7FDEB291C04CD00385028 /* FirebaseFirestore */,
				D8D7FDED291C04CD00385028 /* FirebaseMessaging */,
				D8D7FDEF291C04CD00385028 /* FirebaseStorage */,
			);
			productName = Mogakco;
			productReference = D8F880D12918AB7C003F0C4A /* Mogakco.app */;
			productType = "com.apple.product-type.application";
		};
/* End PBXNativeTarget section */

/* Begin PBXProject section */
		D8F880C92918AB7C003F0C4A /* Project object */ = {
			isa = PBXProject;
			attributes = {
				BuildIndependentTargetsInParallel = 1;
				LastSwiftUpdateCheck = 1400;
				LastUpgradeCheck = 1400;
				TargetAttributes = {
					D8F880D02918AB7C003F0C4A = {
						CreatedOnToolsVersion = 14.0;
					};
				};
			};
			buildConfigurationList = D8F880CC2918AB7C003F0C4A /* Build configuration list for PBXProject "Mogakco" */;
			compatibilityVersion = "Xcode 14.0";
			developmentRegion = en;
			hasScannedForEncodings = 0;
			knownRegions = (
				en,
				Base,
			);
			mainGroup = D8F880C82918AB7C003F0C4A;
			packageReferences = (
				D8F880FA2918B80D003F0C4A /* XCRemoteSwiftPackageReference "RxSwift" */,
				D8F881012918B83F003F0C4A /* XCRemoteSwiftPackageReference "SnapKit" */,
				D8F881042918B862003F0C4A /* XCRemoteSwiftPackageReference "Then" */,
				D8F881072918B896003F0C4A /* XCRemoteSwiftPackageReference "Alamofire" */,
				D8D7FDE6291C04CD00385028 /* XCRemoteSwiftPackageReference "firebase-ios-sdk" */,
			);
			productRefGroup = D8F880D22918AB7C003F0C4A /* Products */;
			projectDirPath = "";
			projectRoot = "";
			targets = (
				D8F880D02918AB7C003F0C4A /* Mogakco */,
			);
		};
/* End PBXProject section */

/* Begin PBXResourcesBuildPhase section */
		D8F880CF2918AB7C003F0C4A /* Resources */ = {
			isa = PBXResourcesBuildPhase;
			buildActionMask = 2147483647;
			files = (
				D824453B29224522005EE8F1 /* SFProDisplay-Regular.OTF in Resources */,
				D824453C29224522005EE8F1 /* SFProDisplay-Semibold.ttf in Resources */,
				D8F8810C2918BC2B003F0C4A /* .swiftlint.yml in Resources */,
				D8F345BE291D42460094CBD3 /* GoogleService-Info.plist in Resources */,
				D8F880E12918AB7F003F0C4A /* LaunchScreen.storyboard in Resources */,
				D8F880DE2918AB7F003F0C4A /* Assets.xcassets in Resources */,
			);
			runOnlyForDeploymentPostprocessing = 0;
		};
/* End PBXResourcesBuildPhase section */

/* Begin PBXShellScriptBuildPhase section */
		D8F8810A2918BB1E003F0C4A /* ShellScript */ = {
			isa = PBXShellScriptBuildPhase;
			buildActionMask = 2147483647;
			files = (
			);
			inputFileListPaths = (
			);
			inputPaths = (
			);
			outputFileListPaths = (
			);
			outputPaths = (
			);
			runOnlyForDeploymentPostprocessing = 0;
			shellPath = /bin/sh;
			shellScript = "export PATH=\"$PATH:/opt/homebrew/bin\"\nif which swiftlint > /dev/null; then\n swiftlint\nelse\n echo \"warning: SwiftLint not installed, download from https://github.com/realm/SwiftLint\"\nfi\n";
		};
/* End PBXShellScriptBuildPhase section */

/* Begin PBXSourcesBuildPhase section */
		D8F880CD2918AB7C003F0C4A /* Sources */ = {
			isa = PBXSourcesBuildPhase;
			buildActionMask = 2147483647;
			files = (
				D80DFB9E29223AE200CB5A08 /* CoordinatorFinishDelegate.swift in Sources */,
				D80DFB9D29223AE200CB5A08 /* AppCoordinator.swift in Sources */,
				D80DFB9F29223AE200CB5A08 /* AppCoordinatorProtocol.swift in Sources */,
				D8F880D92918AB7C003F0C4A /* ViewController.swift in Sources */,
				D8F880D52918AB7C003F0C4A /* AppDelegate.swift in Sources */,
				D8E42DF329223BE000E488FA /* UIColor+MogakcoColor.swift in Sources */,
				D8244537292244FC005EE8F1 /* UIFont+CustomFont.swift in Sources */,
				D8F880D72918AB7C003F0C4A /* SceneDelegate.swift in Sources */,
				D80DFBA029223AE200CB5A08 /* Coordinator.swift in Sources */,
			);
			runOnlyForDeploymentPostprocessing = 0;
		};
/* End PBXSourcesBuildPhase section */

/* Begin PBXVariantGroup section */
		D8F880DF2918AB7F003F0C4A /* LaunchScreen.storyboard */ = {
			isa = PBXVariantGroup;
			children = (
				D8F880E02918AB7F003F0C4A /* Base */,
			);
			name = LaunchScreen.storyboard;
			sourceTree = "<group>";
		};
/* End PBXVariantGroup section */

/* Begin XCBuildConfiguration section */
		D8F880E32918AB7F003F0C4A /* Debug */ = {
			isa = XCBuildConfiguration;
			buildSettings = {
				ALWAYS_SEARCH_USER_PATHS = NO;
				CLANG_ANALYZER_NONNULL = YES;
				CLANG_ANALYZER_NUMBER_OBJECT_CONVERSION = YES_AGGRESSIVE;
				CLANG_CXX_LANGUAGE_STANDARD = "gnu++20";
				CLANG_ENABLE_MODULES = YES;
				CLANG_ENABLE_OBJC_ARC = YES;
				CLANG_ENABLE_OBJC_WEAK = YES;
				CLANG_WARN_BLOCK_CAPTURE_AUTORELEASING = YES;
				CLANG_WARN_BOOL_CONVERSION = YES;
				CLANG_WARN_COMMA = YES;
				CLANG_WARN_CONSTANT_CONVERSION = YES;
				CLANG_WARN_DEPRECATED_OBJC_IMPLEMENTATIONS = YES;
				CLANG_WARN_DIRECT_OBJC_ISA_USAGE = YES_ERROR;
				CLANG_WARN_DOCUMENTATION_COMMENTS = YES;
				CLANG_WARN_EMPTY_BODY = YES;
				CLANG_WARN_ENUM_CONVERSION = YES;
				CLANG_WARN_INFINITE_RECURSION = YES;
				CLANG_WARN_INT_CONVERSION = YES;
				CLANG_WARN_NON_LITERAL_NULL_CONVERSION = YES;
				CLANG_WARN_OBJC_IMPLICIT_RETAIN_SELF = YES;
				CLANG_WARN_OBJC_LITERAL_CONVERSION = YES;
				CLANG_WARN_OBJC_ROOT_CLASS = YES_ERROR;
				CLANG_WARN_QUOTED_INCLUDE_IN_FRAMEWORK_HEADER = YES;
				CLANG_WARN_RANGE_LOOP_ANALYSIS = YES;
				CLANG_WARN_STRICT_PROTOTYPES = YES;
				CLANG_WARN_SUSPICIOUS_MOVE = YES;
				CLANG_WARN_UNGUARDED_AVAILABILITY = YES_AGGRESSIVE;
				CLANG_WARN_UNREACHABLE_CODE = YES;
				CLANG_WARN__DUPLICATE_METHOD_MATCH = YES;
				COPY_PHASE_STRIP = NO;
				DEBUG_INFORMATION_FORMAT = dwarf;
				ENABLE_STRICT_OBJC_MSGSEND = YES;
				ENABLE_TESTABILITY = YES;
				GCC_C_LANGUAGE_STANDARD = gnu11;
				GCC_DYNAMIC_NO_PIC = NO;
				GCC_NO_COMMON_BLOCKS = YES;
				GCC_OPTIMIZATION_LEVEL = 0;
				GCC_PREPROCESSOR_DEFINITIONS = (
					"DEBUG=1",
					"$(inherited)",
				);
				GCC_WARN_64_TO_32_BIT_CONVERSION = YES;
				GCC_WARN_ABOUT_RETURN_TYPE = YES_ERROR;
				GCC_WARN_UNDECLARED_SELECTOR = YES;
				GCC_WARN_UNINITIALIZED_AUTOS = YES_AGGRESSIVE;
				GCC_WARN_UNUSED_FUNCTION = YES;
				GCC_WARN_UNUSED_VARIABLE = YES;
				IPHONEOS_DEPLOYMENT_TARGET = 16.0;
				MTL_ENABLE_DEBUG_INFO = INCLUDE_SOURCE;
				MTL_FAST_MATH = YES;
				ONLY_ACTIVE_ARCH = YES;
				SDKROOT = iphoneos;
				SWIFT_ACTIVE_COMPILATION_CONDITIONS = DEBUG;
				SWIFT_OPTIMIZATION_LEVEL = "-Onone";
			};
			name = Debug;
		};
		D8F880E42918AB7F003F0C4A /* Release */ = {
			isa = XCBuildConfiguration;
			buildSettings = {
				ALWAYS_SEARCH_USER_PATHS = NO;
				CLANG_ANALYZER_NONNULL = YES;
				CLANG_ANALYZER_NUMBER_OBJECT_CONVERSION = YES_AGGRESSIVE;
				CLANG_CXX_LANGUAGE_STANDARD = "gnu++20";
				CLANG_ENABLE_MODULES = YES;
				CLANG_ENABLE_OBJC_ARC = YES;
				CLANG_ENABLE_OBJC_WEAK = YES;
				CLANG_WARN_BLOCK_CAPTURE_AUTORELEASING = YES;
				CLANG_WARN_BOOL_CONVERSION = YES;
				CLANG_WARN_COMMA = YES;
				CLANG_WARN_CONSTANT_CONVERSION = YES;
				CLANG_WARN_DEPRECATED_OBJC_IMPLEMENTATIONS = YES;
				CLANG_WARN_DIRECT_OBJC_ISA_USAGE = YES_ERROR;
				CLANG_WARN_DOCUMENTATION_COMMENTS = YES;
				CLANG_WARN_EMPTY_BODY = YES;
				CLANG_WARN_ENUM_CONVERSION = YES;
				CLANG_WARN_INFINITE_RECURSION = YES;
				CLANG_WARN_INT_CONVERSION = YES;
				CLANG_WARN_NON_LITERAL_NULL_CONVERSION = YES;
				CLANG_WARN_OBJC_IMPLICIT_RETAIN_SELF = YES;
				CLANG_WARN_OBJC_LITERAL_CONVERSION = YES;
				CLANG_WARN_OBJC_ROOT_CLASS = YES_ERROR;
				CLANG_WARN_QUOTED_INCLUDE_IN_FRAMEWORK_HEADER = YES;
				CLANG_WARN_RANGE_LOOP_ANALYSIS = YES;
				CLANG_WARN_STRICT_PROTOTYPES = YES;
				CLANG_WARN_SUSPICIOUS_MOVE = YES;
				CLANG_WARN_UNGUARDED_AVAILABILITY = YES_AGGRESSIVE;
				CLANG_WARN_UNREACHABLE_CODE = YES;
				CLANG_WARN__DUPLICATE_METHOD_MATCH = YES;
				COPY_PHASE_STRIP = NO;
				DEBUG_INFORMATION_FORMAT = "dwarf-with-dsym";
				ENABLE_NS_ASSERTIONS = NO;
				ENABLE_STRICT_OBJC_MSGSEND = YES;
				GCC_C_LANGUAGE_STANDARD = gnu11;
				GCC_NO_COMMON_BLOCKS = YES;
				GCC_WARN_64_TO_32_BIT_CONVERSION = YES;
				GCC_WARN_ABOUT_RETURN_TYPE = YES_ERROR;
				GCC_WARN_UNDECLARED_SELECTOR = YES;
				GCC_WARN_UNINITIALIZED_AUTOS = YES_AGGRESSIVE;
				GCC_WARN_UNUSED_FUNCTION = YES;
				GCC_WARN_UNUSED_VARIABLE = YES;
				IPHONEOS_DEPLOYMENT_TARGET = 16.0;
				MTL_ENABLE_DEBUG_INFO = NO;
				MTL_FAST_MATH = YES;
				SDKROOT = iphoneos;
				SWIFT_COMPILATION_MODE = wholemodule;
				SWIFT_OPTIMIZATION_LEVEL = "-O";
				VALIDATE_PRODUCT = YES;
			};
			name = Release;
		};
		D8F880E62918AB7F003F0C4A /* Debug */ = {
			isa = XCBuildConfiguration;
			buildSettings = {
				ASSETCATALOG_COMPILER_APPICON_NAME = AppIcon;
				ASSETCATALOG_COMPILER_GLOBAL_ACCENT_COLOR_NAME = AccentColor;
				CODE_SIGN_IDENTITY = "Apple Development";
				CODE_SIGN_STYLE = Automatic;
				CURRENT_PROJECT_VERSION = 1;
				DEVELOPMENT_TEAM = "";
				GENERATE_INFOPLIST_FILE = YES;
				INFOPLIST_FILE = Mogakco/App/Info.plist;
				INFOPLIST_KEY_UIApplicationSupportsIndirectInputEvents = YES;
				INFOPLIST_KEY_UILaunchStoryboardName = LaunchScreen;
				INFOPLIST_KEY_UISupportedInterfaceOrientations_iPad = "UIInterfaceOrientationPortrait UIInterfaceOrientationPortraitUpsideDown UIInterfaceOrientationLandscapeLeft UIInterfaceOrientationLandscapeRight";
				INFOPLIST_KEY_UISupportedInterfaceOrientations_iPhone = "UIInterfaceOrientationPortrait UIInterfaceOrientationLandscapeLeft UIInterfaceOrientationLandscapeRight";
				LD_RUNPATH_SEARCH_PATHS = (
					"$(inherited)",
					"@executable_path/Frameworks",
				);
				MARKETING_VERSION = 1.0;
				PRODUCT_BUNDLE_IDENTIFIER = beomsoo.Mogakco;
				PRODUCT_NAME = "$(TARGET_NAME)";
				PROVISIONING_PROFILE_SPECIFIER = "";
				SWIFT_EMIT_LOC_STRINGS = YES;
				SWIFT_VERSION = 5.0;
				TARGETED_DEVICE_FAMILY = "1,2";
			};
			name = Debug;
		};
		D8F880E72918AB7F003F0C4A /* Release */ = {
			isa = XCBuildConfiguration;
			buildSettings = {
				ASSETCATALOG_COMPILER_APPICON_NAME = AppIcon;
				ASSETCATALOG_COMPILER_GLOBAL_ACCENT_COLOR_NAME = AccentColor;
				CODE_SIGN_IDENTITY = "Apple Development";
				CODE_SIGN_STYLE = Automatic;
				CURRENT_PROJECT_VERSION = 1;
				DEVELOPMENT_TEAM = "";
				GENERATE_INFOPLIST_FILE = YES;
				INFOPLIST_FILE = Mogakco/App/Info.plist;
				INFOPLIST_KEY_UIApplicationSupportsIndirectInputEvents = YES;
				INFOPLIST_KEY_UILaunchStoryboardName = LaunchScreen;
				INFOPLIST_KEY_UISupportedInterfaceOrientations_iPad = "UIInterfaceOrientationPortrait UIInterfaceOrientationPortraitUpsideDown UIInterfaceOrientationLandscapeLeft UIInterfaceOrientationLandscapeRight";
				INFOPLIST_KEY_UISupportedInterfaceOrientations_iPhone = "UIInterfaceOrientationPortrait UIInterfaceOrientationLandscapeLeft UIInterfaceOrientationLandscapeRight";
				LD_RUNPATH_SEARCH_PATHS = (
					"$(inherited)",
					"@executable_path/Frameworks",
				);
				MARKETING_VERSION = 1.0;
				PRODUCT_BUNDLE_IDENTIFIER = beomsoo.Mogakco;
				PRODUCT_NAME = "$(TARGET_NAME)";
				PROVISIONING_PROFILE_SPECIFIER = "";
				SWIFT_EMIT_LOC_STRINGS = YES;
				SWIFT_VERSION = 5.0;
				TARGETED_DEVICE_FAMILY = "1,2";
			};
			name = Release;
		};
/* End XCBuildConfiguration section */

/* Begin XCConfigurationList section */
		D8F880CC2918AB7C003F0C4A /* Build configuration list for PBXProject "Mogakco" */ = {
			isa = XCConfigurationList;
			buildConfigurations = (
				D8F880E32918AB7F003F0C4A /* Debug */,
				D8F880E42918AB7F003F0C4A /* Release */,
			);
			defaultConfigurationIsVisible = 0;
			defaultConfigurationName = Release;
		};
		D8F880E52918AB7F003F0C4A /* Build configuration list for PBXNativeTarget "Mogakco" */ = {
			isa = XCConfigurationList;
			buildConfigurations = (
				D8F880E62918AB7F003F0C4A /* Debug */,
				D8F880E72918AB7F003F0C4A /* Release */,
			);
			defaultConfigurationIsVisible = 0;
			defaultConfigurationName = Release;
		};
/* End XCConfigurationList section */

/* Begin XCRemoteSwiftPackageReference section */
		D8D7FDE6291C04CD00385028 /* XCRemoteSwiftPackageReference "firebase-ios-sdk" */ = {
			isa = XCRemoteSwiftPackageReference;
			repositoryURL = "https://github.com/firebase/firebase-ios-sdk";
			requirement = {
				kind = upToNextMajorVersion;
				minimumVersion = 9.0.0;
			};
		};
		D8F880FA2918B80D003F0C4A /* XCRemoteSwiftPackageReference "RxSwift" */ = {
			isa = XCRemoteSwiftPackageReference;
			repositoryURL = "https://github.com/ReactiveX/RxSwift";
			requirement = {
				kind = upToNextMajorVersion;
				minimumVersion = 6.0.0;
			};
		};
		D8F881012918B83F003F0C4A /* XCRemoteSwiftPackageReference "SnapKit" */ = {
			isa = XCRemoteSwiftPackageReference;
			repositoryURL = "https://github.com/SnapKit/SnapKit";
			requirement = {
				kind = upToNextMajorVersion;
				minimumVersion = 5.0.0;
			};
		};
		D8F881042918B862003F0C4A /* XCRemoteSwiftPackageReference "Then" */ = {
			isa = XCRemoteSwiftPackageReference;
			repositoryURL = "https://github.com/devxoul/Then";
			requirement = {
				kind = upToNextMajorVersion;
				minimumVersion = 3.0.0;
			};
		};
		D8F881072918B896003F0C4A /* XCRemoteSwiftPackageReference "Alamofire" */ = {
			isa = XCRemoteSwiftPackageReference;
			repositoryURL = "https://github.com/Alamofire/Alamofire";
			requirement = {
				kind = upToNextMajorVersion;
				minimumVersion = 5.0.0;
			};
		};
/* End XCRemoteSwiftPackageReference section */

/* Begin XCSwiftPackageProductDependency section */
		D8D7FDE7291C04CD00385028 /* FirebaseAnalytics */ = {
			isa = XCSwiftPackageProductDependency;
			package = D8D7FDE6291C04CD00385028 /* XCRemoteSwiftPackageReference "firebase-ios-sdk" */;
			productName = FirebaseAnalytics;
		};
		D8D7FDE9291C04CD00385028 /* FirebaseAuth */ = {
			isa = XCSwiftPackageProductDependency;
			package = D8D7FDE6291C04CD00385028 /* XCRemoteSwiftPackageReference "firebase-ios-sdk" */;
			productName = FirebaseAuth;
		};
		D8D7FDEB291C04CD00385028 /* FirebaseFirestore */ = {
			isa = XCSwiftPackageProductDependency;
			package = D8D7FDE6291C04CD00385028 /* XCRemoteSwiftPackageReference "firebase-ios-sdk" */;
			productName = FirebaseFirestore;
		};
		D8D7FDED291C04CD00385028 /* FirebaseMessaging */ = {
			isa = XCSwiftPackageProductDependency;
			package = D8D7FDE6291C04CD00385028 /* XCRemoteSwiftPackageReference "firebase-ios-sdk" */;
			productName = FirebaseMessaging;
		};
		D8D7FDEF291C04CD00385028 /* FirebaseStorage */ = {
			isa = XCSwiftPackageProductDependency;
			package = D8D7FDE6291C04CD00385028 /* XCRemoteSwiftPackageReference "firebase-ios-sdk" */;
			productName = FirebaseStorage;
		};
		D8F880FB2918B80D003F0C4A /* RxCocoa */ = {
			isa = XCSwiftPackageProductDependency;
			package = D8F880FA2918B80D003F0C4A /* XCRemoteSwiftPackageReference "RxSwift" */;
			productName = RxCocoa;
		};
		D8F880FD2918B80D003F0C4A /* RxRelay */ = {
			isa = XCSwiftPackageProductDependency;
			package = D8F880FA2918B80D003F0C4A /* XCRemoteSwiftPackageReference "RxSwift" */;
			productName = RxRelay;
		};
		D8F880FF2918B80D003F0C4A /* RxSwift */ = {
			isa = XCSwiftPackageProductDependency;
			package = D8F880FA2918B80D003F0C4A /* XCRemoteSwiftPackageReference "RxSwift" */;
			productName = RxSwift;
		};
		D8F881022918B83F003F0C4A /* SnapKit */ = {
			isa = XCSwiftPackageProductDependency;
			package = D8F881012918B83F003F0C4A /* XCRemoteSwiftPackageReference "SnapKit" */;
			productName = SnapKit;
		};
		D8F881052918B862003F0C4A /* Then */ = {
			isa = XCSwiftPackageProductDependency;
			package = D8F881042918B862003F0C4A /* XCRemoteSwiftPackageReference "Then" */;
			productName = Then;
		};
		D8F881082918B896003F0C4A /* Alamofire */ = {
			isa = XCSwiftPackageProductDependency;
			package = D8F881072918B896003F0C4A /* XCRemoteSwiftPackageReference "Alamofire" */;
			productName = Alamofire;
		};
/* End XCSwiftPackageProductDependency section */
	};
	rootObject = D8F880C92918AB7C003F0C4A /* Project object */;
}
